version = 1
revision = 3
requires-python = "==3.12.*"

[[package]]
name = "certifi"
version = "2026.7.22"
source = { registry = "https://pypi.org/simple" }
sdist = { url = "https://files.pythonhosted.org/packages/a3/c2/24167ea9858356b47a87a50d39908bfdb72ceeefe0041586e704e5376b3a/certifi-2026.7.22.tar.gz", hash = "sha256:741e2c3b351ddf169a738da9f2c048608ff7f2c5cc02f1ebc6b118bb090d5d55", size = 138112, upload-time = "2026-07-22T03:35:12.644Z" }
wheels = [
    { url = "https://files.pythonhosted.org/packages/0b/a7/71ac2cff56fec219ed242bb11b8efb69fcc4bec75db06fb7bfe35de520e6/certifi-2026.7.22-py3-none-any.whl", hash = "sha256:62f22742b58a1a33014a2b6b706588a8d7e2a88ae7bd1a6ebe8c992928483775", size = 136983, upload-time = "2026-07-22T03:35:11.276Z" },
]

[[package]]
name = "charset-normalizer"
version = "3.5.1"
source = { registry = "https://pypi.org/simple" }
sdist = { url = "https://files.pythonhosted.org/packages/e5/3f/143b048436775b0f76ac3eec145c019e8173ccc2885c8f20319b996d5e83/charset_normalizer-3.5.1.tar.gz", hash = "sha256:6117b84ea48435e5356dc737f5121485c30920ba43375fa7b434fd753df0eac3", size = 171764, upload-time = "2026-08-15T08:20:44.807Z" }
wheels = [
    { url = "https://files.pythonhosted.org/packages/30/27/78873dc8b6a56357517b74b6bb9568b80450e7bb4f6ef7e3fa9d22aa0bd7/charset_normalizer-3.5.1-cp312-cp312-macosx_10_13_universal2.whl", hash = "sha256:5b6d1386bf0096d26d3a863dc0a487a5b4eb9aa93cf5ba69683d29dde6b9d60f", size = 344456, upload-time = "2026-08-15T08:17:10.072Z" },
    { url = "https://files.pythonhosted.org/packages/9a/4c/be49ada26b1f0232d57aa89bbebf997a5cc2332a5616b6eca26ff680044d/charset_normalizer-3.5.1-cp312-cp312-manylinux2014_aarch64.manylinux_2_17_aarch64.manylinux_2_28_aarch64.whl", hash = "sha256:4582c27e8c889d64811987b5967fbd3ae0c823fe1fd933b543d55ac20bb475fa", size = 238530, upload-time = "2026-08-15T08:17:11.563Z" },
    { url = "https://files.pythonhosted.org/packages/76/84/6f1290fa07ae6978d3960caa3eb1b8019bf9284ab7c2297b00c099ef4250/charset_normalizer-3.5.1-cp312-cp312-manylinux2014_armv7l.manylinux_2_17_armv7l.manylinux_2_31_armv7l.whl", hash = "sha256:1d1c7a53a6c2103925cdd6d7229f8c567379f211c869793df679f2e9f738c369", size = 230200, upload-time = "2026-08-15T08:17:12.919Z" },
    { url = "https://files.pythonhosted.org/packages/e7/a0/47b18adeed31c8f16ba9700f32c1b18594cfa09f47eb672a488c273c22bf/charset_normalizer-3.5.1-cp312-cp312-manylinux2014_ppc64le.manylinux_2_17_ppc64le.manylinux_2_28_ppc64le.whl", hash = "sha256:e6621fb2a4988d6e53eedc455e5903e2679f3967b8acb3d639f1b63c14a2e893", size = 262222, upload-time = "2026-08-15T08:17:14.571Z" },
    { url = "https://files.pythonhosted.org/packages/38/fe/341861ac118dae06f3ec0eb487488af52128f2ef2faf0b11003944d22259/charset_normalizer-3.5.1-cp312-cp312-manylinux2014_s390x.manylinux_2_17_s390x.manylinux_2_28_s390x.whl", hash = "sha256:7c0c10730342b0c9b35dd1d619beb8214e520bd96a1f870f452680b238aab3e0", size = 258951, upload-time = "2026-08-15T08:17:16.158Z" },
    { url = "https://files.pythonhosted.org/packages/6f/89/bb5108dc6c3651dca963f2b0a3ba19bbcb370c94e1b6d3e0e844a58e6dca/charset_normalizer-3.5.1-cp312-cp312-manylinux2014_x86_64.manylinux_2_17_x86_64.manylinux_2_28_x86_64.whl", hash = "sha256:b9af956078716df40d985fb0dfeb2c2120c5ca92ba4ff4b388acfd01cdc14d08", size = 248801, upload-time = "2026-08-15T08:17:17.683Z" },
    { url = "https://files.pythonhosted.org/packages/b1/ba/ef83ae3aca816393decfa3530976f38a79812d707b80b580ac33b83f9877/charset_normalizer-3.5.1-cp312-cp312-manylinux_2_31_riscv64.manylinux_2_39_riscv64.whl", hash = "sha256:f9f8405c2c758532c74fed975dbee57be1f31a6e865c031870c79a6ed3212ada", size = 244070, upload-time = "2026-08-15T08:17:19.191Z" },
    { url = "https://files.pythonhosted.org/packages/f6/0b/c5292a2462d69b7378ea89793bbb5b2b6fcf6f7dd6d1667f9619094ad553/charset_normalizer-3.5.1-cp312-cp312-musllinux_1_2_aarch64.whl", hash = "sha256:96fef3e886d6a9874b14f27fc193fbdc69d5d8035783d86aa4e1cea594e695f9", size = 240110, upload-time = "2026-08-15T08:17:20.547Z" },
    { url = "https://files.pythonhosted.org/packages/46/22/111e5be3b740d5c2a5bfcedb3d237b6591e5c2e82ae9d6ffcb121fe0909c/charset_normalizer-3.5.1-cp312-cp312-musllinux_1_2_armv7l.whl", hash = "sha256:5d8531a6569d025f68e2321e7638fb7978f23db58e5f69f56913837aae03816e", size = 232836, upload-time = "2026-08-15T08:17:21.895Z" },
    { url = "https://files.pythonhosted.org/packages/f9/d2/d2aad6fe0dbb44b194bf3becb60f5a0ac48446ade999a47fe7bb41eb09a7/charset_normalizer-3.5.1-cp312-cp312-musllinux_1_2_ppc64le.whl", hash = "sha256:aae2ee51122d3ae968a3837d97dc24a0aeebb0dea23694422cd172bd30017cd6", size = 262712, upload-time = "2026-08-15T08:17:23.727Z" },
    { url = "https://files.pythonhosted.org/packages/35/5a/337e4663a5eae6de99db940ee8066d4145caafb61327db62deda15313cce/charset_normalizer-3.5.1-cp312-cp312-musllinux_1_2_riscv64.whl", hash = "sha256:7235dc28fc6dd9d832ac7c7bce95367dedb85929f17368a0c2bee1e080b9acbf", size = 242977, upload-time = "2026-08-15T08:17:25.157Z" },
    { url = "https://files.pythonhosted.org/packages/ca/85/f82f8a92e31c7519410e2e1afdc630f28ec47490ce2c09a11c1a43cbb459/charset_normalizer-3.5.1-cp312-cp312-musllinux_1_2_s390x.whl", hash = "sha256:4abdc5f9ad448c1ecbfae2974b820535d6bc6e7eef63babbab3d81cf46968c71", size = 260207, upload-time = "2026-08-15T08:17:26.602Z" },
    { url = "https://files.pythonhosted.org/packages/b7/52/643d11ffd60e9ac2fd1fb87e167a19285b9eefeff4a40e63c87cbfbeab36/charset_normalizer-3.5.1-cp312-cp312-musllinux_1_2_x86_64.whl", hash = "sha256:ba501e667c17d8411f98e67a022d9604ef179aff0e459b7e292c796837c13573", size = 250562, upload-time = "2026-08-15T08:17:27.971Z" },
    { url = "https://files.pythonhosted.org/packages/62/16/46556278c2168d12df9da7fede5dc6fc70e60301b26a82bbeec238c9cfe3/charset_normalizer-3.5.1-cp312-cp312-win32.whl", hash = "sha256:cfa1c0cc3a8f9f53f1243a5a99ac36fd003880199383b37672e86ddda9cb07e2", size = 178507, upload-time = "2026-08-15T08:17:29.277Z" },
    { url = "https://files.pythonhosted.org/packages/9d/7a/4c6c298171e6b3e745633180ff59350fc0ca0db1ffd28df1e369e0579f71/charset_normalizer-3.5.1-cp312-cp312-win_amd64.whl", hash = "sha256:3617ac3cfd8b9888f145ad89dd6e692285834b0201c6074a5eeaad3fd4d668c2", size = 200551, upload-time = "2026-08-15T08:17:30.668Z" },
    { url = "https://files.pythonhosted.org/packages/cd/d7/eb95a042f0dd22e304b0b6472b154f3546a1a039a9ee89ccb2a7f61591fc/charset_normalizer-3.5.1-cp312-cp312-win_arm64.whl", hash = "sha256:88e85ab89cb822c1e635f51d6d32e488f94e002e70e2f492bdb8b945543f345a", size = 180700, upload-time = "2026-08-15T08:17:32.028Z" },
    { url = "https://files.pythonhosted.org/packages/5b/97/fb4e82231aba271ffd775a1b4993b0defc4e3059f286ae41d9433409fe85/charset_normalizer-3.5.1-cp37-abi3-macosx_10_9_universal2.whl", hash = "sha256:41876ee62a3dddf48ff1121ad8f0798032aa03f2fd35f21f34a4cab14f18d8d2", size = 331467, upload-time = "2026-08-15T08:19:50.959Z" },
    { url = "https://files.pythonhosted.org/packages/9f/2f/fe3f187327aac18e2d54e9d2b08e15d27bf9b642d9e51c219f130fc34d1a/charset_normalizer-3.5.1-cp37-abi3-manylinux1_x86_64.manylinux_2_28_x86_64.manylinux_2_5_x86_64.whl", hash = "sha256:a6dac12ff6b846103483683f60c5f8fee205121adc58ffd87e90a90a3af69e99", size = 253057, upload-time = "2026-08-15T08:19:52.654Z" },
    { url = "https://files.pythonhosted.org/packages/d7/c7/9e48cee5c161fe24da823b61bf381921d77cb994a0a4de148e95018c1984/charset_normalizer-3.5.1-cp37-abi3-manylinux2014_aarch64.manylinux_2_17_aarch64.manylinux_2_28_aarch64.whl", hash = "sha256:cee5dd7c6fb5dd52a0fe2a740f9bc6e3593f5f8b1788bde49de02086f30182b2", size = 240930, upload-time = "2026-08-15T08:19:54.163Z" },
    { url = "https://files.pythonhosted.org/packages/49/e0/716601f3cc69be7b198951150c75ead1ece33c3c8036ff6ffa46029659a0/charset_normalizer-3.5.1-cp37-abi3-manylinux2014_armv7l.manylinux_2_17_armv7l.manylinux_2_31_armv7l.whl", hash = "sha256:343fb4f2821043bd87095f7b08a1a181febc8e36ac64212143bbfd0a0e1bc235", size = 230822, upload-time = "2026-08-15T08:19:55.807Z" },
    { url = "https://files.pythonhosted.org/packages/d3/05/71bfc5caa0abcc45aea1f6a4d50ac68e59605ddc7666fe8494f4cd229665/charset_normalizer-3.5.1-cp37-abi3-manylinux2014_ppc64le.manylinux_2_17_ppc64le.manylinux_2_28_ppc64le.whl", hash = "sha256:ae4a097991662cd4fff0ddc74e0fe7874f82e00042fa0ea00855645ed0c79598", size = 260037, upload-time = "2026-08-15T08:19:57.312Z" },
    { url = "https://files.pythonhosted.org/packages/c3/92/de7e32ed05341e7a9c4c877c318418197b7f2d66a3b68d561bf2ac57ca3e/charset_normalizer-3.5.1-cp37-abi3-manylinux2014_s390x.manylinux_2_17_s390x.manylinux_2_28_s390x.whl", hash = "sha256:4b599739b93b2cbeded49645ae3c8d1405c29ddfbceac1545c87a3f9580a9e96", size = 255097, upload-time = "2026-08-15T08:19:59.056Z" },
    { url = "https://files.pythonhosted.org/packages/f5/7b/ade0a122600319dfa0b1000ab0f9731c94a817904cf3c5de408c73a4ede7/charset_normalizer-3.5.1-cp37-abi3-manylinux_2_31_riscv64.manylinux_2_39_riscv64.whl", hash = "sha256:b39b69b347e5e47a3b5b8cfc005c68c1ba347474e3960236c4944a8ecd174962", size = 250166, upload-time = "2026-08-15T08:20:00.612Z" },
    { url = "https://files.pythonhosted.org/packages/75/9c/019fbb9f4834491a160951349b1a3714439376f66e5f7cf18b4f18f0c7aa/charset_normalizer-3.5.1-cp37-abi3-musllinux_1_2_aarch64.whl", hash = "sha256:a2028475ba855475b8b4d3cfeb4994269c967aea8b9892dfba907f4263a863a3", size = 241821, upload-time = "2026-08-15T08:20:02.321Z" },
    { url = "https://files.pythonhosted.org/packages/2b/b8/11d4840bfc99330cc7fbcc2681ee5a044553a6e77655508d8f9b2bff7b34/charset_normalizer-3.5.1-cp37-abi3-musllinux_1_2_armv7l.whl", hash = "sha256:36047af20e17097c3bb9476c2b7655f2f7aa51322c0ba58c07695bedf755a950", size = 232529, upload-time = "2026-08-15T08:20:04.008Z" },
    { url = "https://files.pythonhosted.org/packages/18/96/2b3a21492d9f65171ac75d872f5018260013d00bfa0ff70ec9f179148cbd/charset_normalizer-3.5.1-cp37-abi3-musllinux_1_2_ppc64le.whl", hash = "sha256:4c4fb141a727957c93edfe5c32a26ceb6b5f6461d67146e2d39f51e16170bea8", size = 260348, upload-time = "2026-08-15T08:20:05.877Z" },
    { url = "https://files.pythonhosted.org/packages/d6/aa/a69a2028e8bd052476c245460ab19d7de595de084dd968f2d75cd50c3e25/charset_normalizer-3.5.1-cp37-abi3-musllinux_1_2_riscv64.whl", hash = "sha256:2f293479cce755c75f1697e87c409b7ae4c555c7dfecb6e988ad13abba943031", size = 247234, upload-time = "2026-08-15T08:20:07.487Z" },
    { url = "https://files.pythonhosted.org/packages/35/8a/3d130aeabcaf3d2466af76b7b141c08d9e89c9016ab4b7cdd0f7dc2d1c62/charset_normalizer-3.5.1-cp37-abi3-musllinux_1_2_s390x.whl", hash = "sha256:3588e376b3ea2eea84976f67273d679f229e24c66dce7b82ae45aef04ff6e072", size = 256917, upload-time = "2026-08-15T08:20:09.142Z" },
    { url = "https://files.pythonhosted.org/packages/80/c2/a7379b840292d0c1ab9fbd17d1f3967aa81794dc95bc74be8999d7fedcf7/charset_normalizer-3.5.1-cp37-abi3-musllinux_1_2_x86_64.whl", hash = "sha256:e199fb99720074809a7720f1c0b4d919eea8b87e88713e0f8f602f7bef543d9d", size = 254846, upload-time = "2026-08-15T08:20:10.727Z" },
    { url = "https://files.pythonhosted.org/packages/01/65/d43b714731bb2f40d4053dfa00ecfc1c5a301f8e3316c5db3a09af59fe94/charset_normalizer-3.5.1-cp37-abi3-win32.whl", hash = "sha256:dd732602a7009217f658d5863d12d79d373a4de0eebc111094bcdd3bb8e0a6cc", size = 174216, upload-time = "2026-08-15T08:20:12.334Z" },
    { url = "https://files.pythonhosted.org/packages/35/4f/b911ed898b26a09789eba9c9200c999aff6c61b4bafaf4838e56d1a1e1a3/charset_normalizer-3.5.1-cp37-abi3-win_amd64.whl", hash = "sha256:70055ff39b97c99e7ae40ea3e393fb62aa2e44dbd9b29f8d14f42fb0025c3959", size = 199764, upload-time = "2026-08-15T08:20:13.908Z" },
    { url = "https://files.pythonhosted.org/packages/f0/a7/920baf467bfd9bf689f3b318340f37aee4572a71f162bd8db51da55ba4fa/charset_normalizer-3.5.1-cp37-abi3-win_arm64.whl", hash = "sha256:87e4f41d375c0b9be2fb5251aee4b8a689169e134535aed81bf085c3b647451e", size = 287318, upload-time = "2026-08-15T08:20:15.551Z" },
    { url = "https://files.pythonhosted.org/packages/cc/61/d01fc49b8dea277640b55a9e15960dbca9fdc8c9fde18e572d39c59f4019/charset_normalizer-3.5.1-py3-none-any.whl", hash = "sha256:6df0ec430f9a831772c23ca5a224cba36517a58a84bb32c32bb59a9fa67c47f6", size = 68658, upload-time = "2026-08-15T08:20:43.306Z" },
]

[[package]]
name = "click"
version = "8.5.0"
source = { registry = "https://pypi.org/simple" }
sdist = { url = "https://files.pythonhosted.org/packages/c7/0e/7fa0ef50764b67090eca4114772a2abf8b6148198475e54c660b97caeee6/click-8.5.0.tar.gz", hash = "sha256:ba0d2089de75ea0310e2dde03160e6ca10009947fb95a182f9b54021bb272e34", size = 382235, upload-time = "2026-08-26T13:33:14.56Z" }
wheels = [
    { url = "https://files.pythonhosted.org/packages/58/50/6c0d534c5f134586a8e1ba4e330569e32f057e33372ae556463212fb4cd3/click-8.5.0-py3-none-any.whl", hash = "sha256:255bc9599cf7748b4b1a446ccc735421bd08a2ae529a8b88597d3de5664ee360", size = 125251, upload-time = "2026-08-26T13:33:12.928Z" },
]

[[package]]
name = "colorama"
version = "0.4.6"
source = { registry = "https://pypi.org/simple" }
sdist = { url = "https://files.pythonhosted.org/packages/d8/53/6f443c9a4a8358a93a6792e2acffb9d9d5cb0a5cfd8802644b7b1c9a02e4/colorama-0.4.6.tar.gz", hash = "sha256:08695f5cb7ed6e0531a20572697297273c47b8cae5a63ffc6d6ed5c201be6e44", size = 27697, upload-time = "2022-10-25T02:36:22.414Z" }
wheels = [
    { url = "https://files.pythonhosted.org/packages/d1/d6/3965ed04c63042e047cb6a3e6ed1a63a35087b6a609aa3a15ed8ac56c221/colorama-0.4.6-py2.py3-none-any.whl", hash = "sha256:4f1d9991f5acc0ca119f9d443620b77f9d6b33703e51011c16baf57afb285fc6", size = 25335, upload-time = "2022-10-25T02:36:20.889Z" },
]

[[package]]
name = "cssselect"
version = "1.5.0"
source = { registry = "https://pypi.org/simple" }
sdist = { url = "https://files.pythonhosted.org/packages/8e/5a/6d6fcf922709391fac986f0a03ad4546f4f45b94d10aeb6c1ee041599993/cssselect-1.5.0.tar.gz", hash = "sha256:3cbe82dd7acbee9ba9e5723b5f9e4749826912f1fb31cd7f92aabed5fde15b15", size = 47598, upload-time = "2026-07-27T09:17:34.189Z" }
wheels = [
    { url = "https://files.pythonhosted.org/packages/60/e9/6734502f67533a752ea8b1c8f7f227c94eecf300252ba8bf23e3e59d8a36/cssselect-1.5.0-py3-none-any.whl", hash = "sha256:1d1aded98e82bdde447ded990a191fd6916177c4f0c914fb62eccd58e2ffcdcc", size = 20797, upload-time = "2026-07-27T09:17:33.04Z" },
]

[[package]]
name = "drissionget"
version = "1.2.1"
source = { registry = "https://pypi.org/simple" }
dependencies = [
    { name = "drissionrecord" },
    { name = "requests" },
]
sdist = { url = "https://files.pythonhosted.org/packages/80/2c/c9d6aeffeecd7f5620af419d8a33aec7d2ab29da7503a442dae2d7177a15/drissionget-1.2.1.tar.gz", hash = "sha256:a05519bea59cc7a588f1a5a9ee6844282e59963eac212baa406da1c20bca9908", size = 18014, upload-time = "2026-06-04T01:44:33.94Z" }
wheels = [
    { url = "https://files.pythonhosted.org/packages/b7/93/7e4f2026811349c70fb9b7a2cc4c1dc31a6592fa41554d0e4406b80bf83c/drissionget-1.2.1-py3-none-any.whl", hash = "sha256:cd0ae08c26e6a7f5bd105ca787d79854569c8ebfeb67f978b86aee7d2b983a29", size = 22254, upload-time = "2026-06-04T01:44:32.923Z" },
]

[[package]]
name = "drissionpage"
version = "4.1.1.4"
source = { registry = "https://pypi.org/simple" }
dependencies = [
    { name = "click" },
    { name = "cssselect" },
    { name = "drissionget" },
    { name = "drissionrecord" },
    { name = "lxml" },
    { name = "psutil" },
    { name = "requests" },
    { name = "tldextract" },
    { name = "websocket-client" },
]
sdist = { url = "https://files.pythonhosted.org/packages/12/bf/872f23aff6181a2456dc94f955e43c5dff1bcaa2e4c64ed886df0bbbeee6/drissionpage-4.1.1.4.tar.gz", hash = "sha256:4c624485cbc576e1477edb77cd92a3184704f7d6d0fd01928c944a5e66ba4719", size = 207960, upload-time = "2026-05-27T01:49:10.846Z" }
wheels = [
    { url = "https://files.pythonhosted.org/packages/1a/98/6411ae36a9c103e4cf78e2674643c6c0f6aeb394ea84544c2bcff7f3f27f/drissionpage-4.1.1.4-py3-none-any.whl", hash = "sha256:d1d066e732031c16b00bdc88a2f450e8400da46362597a23c8c6144e4cbb768d", size = 258240, upload-time = "2026-05-27T01:49:08.774Z" },
]

[[package]]
name = "drissionrecord"
version = "2.0.1"
source = { registry = "https://pypi.org/simple" }
dependencies = [
    { name = "openpyxl" },
]
sdist = { url = "https://files.pythonhosted.org/packages/88/9c/c691bf126f924973ca48f38a3ec7a3a059ca18c6b211d30b981313a0d424/drissionrecord-2.0.1.tar.gz", hash = "sha256:863305bc09aec58158045f45eb6935e15ba9ac15e358920105b20f4a730b2ed7", size = 43311, upload-time = "2026-04-13T06:33:12.488Z" }
wheels = [
    { url = "https://files.pythonhosted.org/packages/46/bd/d6489d2056fd2cfd5535c726e4d1e95e2d20d8a86593e83768eff7e1c3d0/drissionrecord-2.0.1-py3-none-any.whl", hash = "sha256:b6efb09268ca2b5fb5e2942d3bfb75d70fe6c936770aaac02fca16e6960fe9ee", size = 57734, upload-time = "2026-04-13T06:33:11.174Z" },
]

[[package]]
name = "et-xmlfile"
version = "2.0.0"
source = { registry = "https://pypi.org/simple" }
sdist = { url = "https://files.pythonhosted.org/packages/d3/38/af70d7ab1ae9d4da450eeec1fa3918940a5fafb9055e934af8d6eb0c2313/et_xmlfile-2.0.0.tar.gz", hash = "sha256:dab3f4764309081ce75662649be815c4c9081e88f0837825f90fd28317d4da54", size = 17234, upload-time = "2024-10-25T17:25:40.039Z" }
wheels = [
    { url = "https://files.pythonhosted.org/packages/c1/8b/5fe2cc11fee489817272089c4203e679c63b570a5aaeb18d852ae3cbba6a/et_xmlfile-2.0.0-py3-none-any.whl", hash = "sha256:7a91720bc756843502c3b7504c77b8fe44217c85c537d85037f0f536151b2caa", size = 18059, upload-time = "2024-10-25T17:25:39.051Z" },
]

[[package]]
name = "filelock"
version = "3.32.5"
source = { registry = "https://pypi.org/simple" }
sdist = { url = "https://files.pythonhosted.org/packages/0a/a0/50c2c0ce5e74d7721bbb1b19a26ebd339aac5878553a6e35308c2f31f935/filelock-3.32.5.tar.gz", hash = "sha256:f6a6a28f743f9b95ce19db5abe0f376f75eb56517dff21e1a4751e2657d3e83d", size = 222838, upload-time = "2026-08-31T18:56:34.729Z" }
wheels = [
    { url = "https://files.pythonhosted.org/packages/36/d2/b70a31e13d04456d28493f31d2aa087e99eeb2767ef0293b2625727ccb8c/filelock-3.32.5-py3-none-any.whl", hash = "sha256:142cd9fa77a872c5e78c62329a0d15278fadc686eb89e760017968961a4fd6b2", size = 100003, upload-time = "2026-08-31T18:56:33.078Z" },
]

[[package]]
name = "idna"
version = "3.19"
source = { registry = "https://pypi.org/simple" }
sdist = { url = "https://files.pythonhosted.org/packages/5f/f7/abb373e5757eaec4b922b92f97ec8d6d7e057cf06778247604fbc4e7c3f3/idna-3.19.tar.gz", hash = "sha256:5e0811a4383b21dc5838069f801c4fb62113b7447663d2530d2bd6e77b49bf15", size = 215237, upload-time = "2026-08-18T05:14:24.27Z" }
wheels = [
    { url = "https://files.pythonhosted.org/packages/57/b0/0e52c878c53f245edd3a11020f20979b3f490f245af532c7cae3027754b5/idna-3.19-py3-none-any.whl", hash = "sha256:815e7be7a7806d54abb586dc943addc79e8b2ee16915059658cbeff4b1b43bf4", size = 68550, upload-time = "2026-08-18T05:14:22.343Z" },
]

[[package]]
name = "iniconfig"
version = "2.3.0"
source = { registry = "https://pypi.org/simple" }
sdist = { url = "https://files.pythonhosted.org/packages/72/34/14ca021ce8e5dfedc35312d08ba8bf51fdd999c576889fc2c24cb97f4f10/iniconfig-2.3.0.tar.gz", hash = "sha256:c76315c77db068650d49c5b56314774a7804df16fee4402c1f19d6d15d8c4730", size = 20503, upload-time = "2025-10-18T21:55:43.219Z" }
wheels = [
    { url = "https://files.pythonhosted.org/packages/cb/b1/3846dd7f199d53cb17f49cba7e651e9ce294d8497c8c150530ed11865bb8/iniconfig-2.3.0-py3-none-any.whl", hash = "sha256:f631c04d2c48c52b84d0d0549c99ff3859c98df65b3101406327ecc7d53fbf12", size = 7484, upload-time = "2025-10-18T21:55:41.639Z" },
]

[[package]]
name = "lxml"
version = "6.1.2"
source = { registry = "https://pypi.org/simple" }
sdist = { url = "https://files.pythonhosted.org/packages/ad/a9/970b8fa0ecc4fbf1dfaed0d89bbc1fc1421b25ec26a2038c91e872dc6c8e/lxml-6.1.2.tar.gz", hash = "sha256:1055241852f2b02068af4a625a5d32c087db193c12251928af2562ecd2239f18", size = 4210626, upload-time = "2026-08-19T04:58:15.341Z" }
wheels = [
    { url = "https://files.pythonhosted.org/packages/ee/a4/55eb54507073089ab27743c5da2113c84f0d0b1715b33175fdd943c9652d/lxml-6.1.2-cp312-cp312-macosx_10_13_universal2.whl", hash = "sha256:7d506bdba580ecb1a6ad2e2b5c49445e66d3e1f95894885739094393a1aad237", size = 8602111, upload-time = "2026-08-19T04:58:28.017Z" },
    { url = "https://files.pythonhosted.org/packages/bc/bf/6332f45d78da385bb01d5cac3fe4acda19f025d1307cbc7ad538355fecbb/lxml-6.1.2-cp312-cp312-macosx_10_13_x86_64.whl", hash = "sha256:12acd337d2821cb8b9247dfe4b7aa2f2769a3df5ae8511b7e550df42b8f4d3c3", size = 4638376, upload-time = "2026-08-19T04:58:41.181Z" },
    { url = "https://files.pythonhosted.org/packages/68/e0/21fba0fe74d417fbe976903ae6bc77e92cdce01aae7b636abd87756f4588/lxml-6.1.2-cp312-cp312-manylinux2014_aarch64.manylinux_2_17_aarch64.whl", hash = "sha256:5078ff51e6316c0f75ea8127c2cd24374747fb351f62fb93d1761f8ae5a04a40", size = 4939689, upload-time = "2026-08-19T04:58:48.526Z" },
    { url = "https://files.pythonhosted.org/packages/de/e5/ce3e885264fdd0bdcb6b49c1ea1842f94281b39e4ff956099e8d57532c60/lxml-6.1.2-cp312-cp312-manylinux2014_x86_64.manylinux_2_17_x86_64.whl", hash = "sha256:9477e14217c212e6023c994a71a1a349db19b0e10fd5bf189666b281ae63b1fd", size = 5105185, upload-time = "2026-08-19T04:59:15.533Z" },
    { url = "https://files.pythonhosted.org/packages/e6/b6/990a8446c488c70fa25681e150de94b7bf2eaaf387e374d195ab3c8faafb/lxml-6.1.2-cp312-cp312-manylinux_2_26_aarch64.manylinux_2_28_aarch64.whl", hash = "sha256:261d98065326676d7253882db0198d0aa06748d7ee0443367acf10b148273f99", size = 5011863, upload-time = "2026-08-19T04:59:50.58Z" },
    { url = "https://files.pythonhosted.org/packages/bb/6a/f70f41363dae27e3bfd6224b128f5ba150874bd32ca4938552930ffa33b0/lxml-6.1.2-cp312-cp312-manylinux_2_26_ppc64le.manylinux_2_28_ppc64le.whl", hash = "sha256:0666943ee1576fa890a6dc6316ef42e8241b5dd56f67bc5475acb2ac298c6ca9", size = 5638234, upload-time = "2026-08-19T05:00:00.802Z" },
    { url = "https://files.pythonhosted.org/packages/3d/e0/a65b64f34d556925faef2c4f14167d58c571bc15a3e1f2bba71138830562/lxml-6.1.2-cp312-cp312-manylinux_2_26_x86_64.manylinux_2_28_x86_64.whl", hash = "sha256:04cf9e3f4ee9cab9d9ba05401bef8668840fa9620fcd4d8e85a2d2fd0b0fa960", size = 5244532, upload-time = "2026-08-19T05:00:07.516Z" },
    { url = "https://files.pythonhosted.org/packages/c6/a9/471552e015e954fc9d960aa27c3d67ebf489683d03f033399a790417c67c/lxml-6.1.2-cp312-cp312-manylinux_2_28_i686.whl", hash = "sha256:9429d2371d406344ed1da5b5686d9412e74137c07b0171278368ff704f470ed5", size = 5358194, upload-time = "2026-08-19T05:00:22.747Z" },
    { url = "https://files.pythonhosted.org/packages/d7/0f/bc6248fbec2cc416f102b1267f1567e07510f6fa909bbe8cd2a22d6fb78e/lxml-6.1.2-cp312-cp312-manylinux_2_31_armv7l.whl", hash = "sha256:eff128ffdc093cc6317955934ad9751105d37ed8dbca3ff4ccd751af6be37185", size = 4704432, upload-time = "2026-08-19T05:00:51.115Z" },
    { url = "https://files.pythonhosted.org/packages/a9/3f/cec859f50e63f1fa338fab43d2362d7543e1237f2475960d8ab0769de0eb/lxml-6.1.2-cp312-cp312-manylinux_2_38_riscv64.manylinux_2_39_riscv64.whl", hash = "sha256:ba58574d710b82ead7cbedea01cac3e110bc3ef82d4731519b74a2c11f7cf5e9", size = 5255038, upload-time = "2026-08-19T05:00:58.895Z" },
    { url = "https://files.pythonhosted.org/packages/7c/d9/2ced0cf2967115f92a1b8b3ae6bd18763abc3ebef88c98cf25145fda396c/lxml-6.1.2-cp312-cp312-musllinux_1_2_aarch64.whl", hash = "sha256:52f6d4dff133c9778a24e9a2cfc1608930b15869866171aacc5131b5a418a003", size = 5054481, upload-time = "2026-08-19T05:01:10.096Z" },
    { url = "https://files.pythonhosted.org/packages/d5/f5/4f07386d3c88673daeec3b8cc09a2a4d39fa01c1fc49009791b0746d97fa/lxml-6.1.2-cp312-cp312-musllinux_1_2_armv7l.whl", hash = "sha256:8807998c1023d1e9d60e02500f90e85a0752dbc0b670989806bba87b82dd5b42", size = 4785535, upload-time = "2026-08-19T05:01:18.909Z" },
    { url = "https://files.pythonhosted.org/packages/9a/5a/f4fe3ecbc189f48fba2547c5db5c940a10151d3e86b856a60a533a77e816/lxml-6.1.2-cp312-cp312-musllinux_1_2_ppc64le.whl", hash = "sha256:2170d0a280c877b6e2dc6738217db947be35dd8cf09ca458b355aa1bab2a9e70", size = 5655337, upload-time = "2026-08-19T05:01:41.324Z" },
    { url = "https://files.pythonhosted.org/packages/92/c4/f586aa1bf27bfbace2dfdbb704da5c52f0bdece8ee440c8fb4946c940b2e/lxml-6.1.2-cp312-cp312-musllinux_1_2_riscv64.whl", hash = "sha256:c67f3c1278f942e97d8665c2a690324aaea5137de16f056583a21f0ac706177f", size = 5245778, upload-time = "2026-08-19T05:01:45.227Z" },
    { url = "https://files.pythonhosted.org/packages/18/a1/677494bbaef4d6db5e4633af817414f478865850b55c03ae4bf70fa7b8ca/lxml-6.1.2-cp312-cp312-musllinux_1_2_x86_64.whl", hash = "sha256:093fbf547d0f3ca02705381f795a050fbb58988be4aac7f79f99f280c4082313", size = 5267274, upload-time = "2026-08-19T05:01:57.687Z" },
    { url = "https://files.pythonhosted.org/packages/5a/71/b71425b8764d4cb7c92eb970483be7d5610dce2a6316242b5aaae7d260be/lxml-6.1.2-cp312-cp312-win32.whl", hash = "sha256:be365ce8d2d411cf2fb573747684b4fd470fa6224e0094d9d5a21155acc369d3", size = 3602563, upload-time = "2026-08-19T05:02:01.837Z" },
    { url = "https://files.pythonhosted.org/packages/1b/fb/909584e16d2148c1a252cc2c32dd99fe0e2682459c586d3d7a192e74a0ae/lxml-6.1.2-cp312-cp312-win_amd64.whl", hash = "sha256:b97153ca609b434b712ddfb92cd6af101a7045a7724c542258bd4727a344472f", size = 4005965, upload-time = "2026-08-19T05:02:07.157Z" },
    { url = "https://files.pythonhosted.org/packages/5f/8d/41207c9212caad0b52749e34739fb9bfab67486729f52a8fe9bd9266fee6/lxml-6.1.2-cp312-cp312-win_arm64.whl", hash = "sha256:7feb72424f19a893ae4f3373c7aae821b1aacb6076b708915c651f0683a97c49", size = 3666641, upload-time = "2026-08-19T05:02:11.3Z" },
]

[[package]]
name = "openpyxl"
version = "3.1.5"
source = { registry = "https://pypi.org/simple" }
dependencies = [
    { name = "et-xmlfile" },
]
sdist = { url = "https://files.pythonhosted.org/packages/3d/f9/88d94a75de065ea32619465d2f77b29a0469500e99012523b91cc4141cd1/openpyxl-3.1.5.tar.gz", hash = "sha256:cf0e3cf56142039133628b5acffe8ef0c12bc902d2aadd3e0fe5878dc08d1050", size = 186464, upload-time = "2024-06-28T14:03:44.161Z" }
wheels = [
    { url = "https://files.pythonhosted.org/packages/c0/da/977ded879c29cbd04de313843e76868e6e13408a94ed6b987245dc7c8506/openpyxl-3.1.5-py2.py3-none-any.whl", hash = "sha256:5282c12b107bffeef825f4617dc029afaf41d0ea60823bbb665ef3079dc79de2", size = 250910, upload-time = "2024-06-28T14:03:41.161Z" },
]

[[package]]
name = "packaging"
version = "26.3"
source = { registry = "https://pypi.org/simple" }
sdist = { url = "https://files.pythonhosted.org/packages/7d/fa/3944b40b07da9ce895c0e6303a5ab7d53da063554f534556b134a54d6093/packaging-26.3.tar.gz", hash = "sha256:94edc256424af38762eb31306eed28beb9f0efc50a8837492c9d6fd6004aed79", size = 313412, upload-time = "2026-08-04T18:15:28.737Z" }
wheels = [
    { url = "https://files.pythonhosted.org/packages/63/34/ba1c580383c9eada3711951fef0795c80b829a078d72188184bcab9dd527/packaging-26.3-py3-none-any.whl", hash = "sha256:d7193f7c8e4e93f444fde0262bf90af30e16fa0ad0ad44cb553c87339b23cd1c", size = 129956, upload-time = "2026-08-04T18:15:27.159Z" },
]

[[package]]
name = "pluggy"
version = "1.6.0"
source = { registry = "https://pypi.org/simple" }
sdist = { url = "https://files.pythonhosted.org/packages/f9/e2/3e91f31a7d2b083fe6ef3fa267035b518369d9511ffab804f839851d2779/pluggy-1.6.0.tar.gz", hash = "sha256:7dcc130b76258d33b90f61b658791dede3486c3e6bfb003ee5c9bfb396dd22f3", size = 69412, upload-time = "2025-05-15T12:30:07.975Z" }
wheels = [
    { url = "https://files.pythonhosted.org/packages/54/20/4d324d65cc6d9205fabedc306948156824eb9f0ee1633355a8f7ec5c66bf/pluggy-1.6.0-py3-none-any.whl", hash = "sha256:e920276dd6813095e9377c0bc5566d94c932c33b27a3e3945d8389c374dd4746", size = 20538, upload-time = "2025-05-15T12:30:06.134Z" },
]

[[package]]
name = "psutil"
version = "7.2.2"
source = { registry = "https://pypi.org/simple" }
sdist = { url = "https://files.pythonhosted.org/packages/aa/c6/d1ddf4abb55e93cebc4f2ed8b5d6dbad109ecb8d63748dd2b20ab5e57ebe/psutil-7.2.2.tar.gz", hash = "sha256:0746f5f8d406af344fd547f1c8daa5f5c33dbc293bb8d6a16d80b4bb88f59372", size = 493740, upload-time = "2026-01-28T18:14:54.428Z" }
wheels = [
    { url = "https://files.pythonhosted.org/packages/e7/36/5ee6e05c9bd427237b11b3937ad82bb8ad2752d72c6969314590dd0c2f6e/psutil-7.2.2-cp36-abi3-macosx_10_9_x86_64.whl", hash = "sha256:ed0cace939114f62738d808fdcecd4c869222507e266e574799e9c0faa17d486", size = 129090, upload-time = "2026-01-28T18:15:22.168Z" },
    { url = "https://files.pythonhosted.org/packages/80/c4/f5af4c1ca8c1eeb2e92ccca14ce8effdeec651d5ab6053c589b074eda6e1/psutil-7.2.2-cp36-abi3-macosx_11_0_arm64.whl", hash = "sha256:1a7b04c10f32cc88ab39cbf606e117fd74721c831c98a27dc04578deb0c16979", size = 129859, upload-time = "2026-01-28T18:15:23.795Z" },
    { url = "https://files.pythonhosted.org/packages/b5/70/5d8df3b09e25bce090399cf48e452d25c935ab72dad19406c77f4e828045/psutil-7.2.2-cp36-abi3-manylinux2010_x86_64.manylinux_2_12_x86_64.manylinux_2_28_x86_64.whl", hash = "sha256:076a2d2f923fd4821644f5ba89f059523da90dc9014e85f8e45a5774ca5bc6f9", size = 155560, upload-time = "2026-01-28T18:15:25.976Z" },
    { url = "https://files.pythonhosted.org/packages/63/65/37648c0c158dc222aba51c089eb3bdfa238e621674dc42d48706e639204f/psutil-7.2.2-cp36-abi3-manylinux2014_aarch64.manylinux_2_17_aarch64.manylinux_2_28_aarch64.whl", hash = "sha256:b0726cecd84f9474419d67252add4ac0cd9811b04d61123054b9fb6f57df6e9e", size = 156997, upload-time = "2026-01-28T18:15:27.794Z" },
    { url = "https://files.pythonhosted.org/packages/8e/13/125093eadae863ce03c6ffdbae9929430d116a246ef69866dad94da3bfbc/psutil-7.2.2-cp36-abi3-musllinux_1_2_aarch64.whl", hash = "sha256:fd04ef36b4a6d599bbdb225dd1d3f51e00105f6d48a28f006da7f9822f2606d8", size = 148972, upload-time = "2026-01-28T18:15:29.342Z" },
    { url = "https://files.pythonhosted.org/packages/04/78/0acd37ca84ce3ddffaa92ef0f571e073faa6d8ff1f0559ab1272188ea2be/psutil-7.2.2-cp36-abi3-musllinux_1_2_x86_64.whl", hash = "sha256:b58fabe35e80b264a4e3bb23e6b96f9e45a3df7fb7eed419ac0e5947c61e47cc", size = 148266, upload-time = "2026-01-28T18:15:31.597Z" },
    { url = "https://files.pythonhosted.org/packages/b4/90/e2159492b5426be0c1fef7acba807a03511f97c5f86b3caeda6ad92351a7/psutil-7.2.2-cp37-abi3-win_amd64.whl", hash = "sha256:eb7e81434c8d223ec4a219b5fc1c47d0417b12be7ea866e24fb5ad6e84b3d988", size = 137737, upload-time = "2026-01-28T18:15:33.849Z" },
    { url = "https://files.pythonhosted.org/packages/8c/c7/7bb2e321574b10df20cbde462a94e2b71d05f9bbda251ef27d104668306a/psutil-7.2.2-cp37-abi3-win_arm64.whl", hash = "sha256:8c233660f575a5a89e6d4cb65d9f938126312bca76d8fe087b947b3a1aaac9ee", size = 134617, upload-time = "2026-01-28T18:15:36.514Z" },
]

[[package]]
name = "pygments"
version = "2.21.0"
source = { registry = "https://pypi.org/simple" }
sdist = { url = "https://files.pythonhosted.org/packages/49/2e/ced460408999b33da6b31b0021b0f37d329e202d4169aeb164493778f25b/pygments-2.21.0.tar.gz", hash = "sha256:610ca751c9bc2492b38eb9a38a7fbc93edbbb2d7182edaf34e66ae493dee5c8c", size = 5005329, upload-time = "2026-08-17T08:02:48.824Z" }
wheels = [
    { url = "https://files.pythonhosted.org/packages/71/46/17f022dd3e953bf20a04a028a21ec746d942f8d2af30fa0f124fa0e6a684/pygments-2.21.0-py3-none-any.whl", hash = "sha256:2363c69b61c4a97c838da3b130dcd6468f4848992b21a82f2a63ec34377137d9", size = 1250147, upload-time = "2026-08-17T08:02:44.912Z" },
]

[[package]]
name = "pytest"
version = "9.1.1"
source = { registry = "https://pypi.org/simple" }
dependencies = [
    { name = "colorama", marker = "sys_platform == 'win32'" },
    { name = "iniconfig" },
    { name = "packaging" },
    { name = "pluggy" },
    { name = "pygments" },
]
sdist = { url = "https://files.pythonhosted.org/packages/e4/47/b9efed96c114afcfa3c9d3fe98a76a1d14c74a9e266d397cf6eb64be5e01/pytest-9.1.1.tar.gz", hash = "sha256:1088fbde8f2b49d95a549a195707afa7a76a3ce9bcadc26b6d71f0ffda5fe313", size = 1636369, upload-time = "2026-06-19T10:58:32.857Z" }
wheels = [
    { url = "https://files.pythonhosted.org/packages/24/25/1de2678b631f5a49215c6c96fff41ba892b0a34df68d6d80292b1b48aa7f/pytest-9.1.1-py3-none-any.whl", hash = "sha256:37a86b45efb9a47a61a36449063e8e18d0cab3161329fc099eb21783169c4f0c", size = 386536, upload-time = "2026-06-19T10:58:31.347Z" },
]

[[package]]
name = "requests"
version = "2.34.2"
source = { registry = "https://pypi.org/simple" }
dependencies = [
    { name = "certifi" },
    { name = "charset-normalizer" },
    { name = "idna" },
    { name = "urllib3" },
]
sdist = { url = "https://files.pythonhosted.org/packages/ac/c3/e2a2b89f2d3e2179abd6d00ebd70bff6273f37fb3e0cc209f48b39d00cbf/requests-2.34.2.tar.gz", hash = "sha256:f288924cae4e29463698d6d60bc6a4da69c89185ad1e0bcc4104f584e960b9ed", size = 142856, upload-time = "2026-05-14T19:25:27.735Z" }
wheels = [
    { url = "https://files.pythonhosted.org/packages/a0/f4/c67b0b3f1b9245e8d266f0f112c500d50e5b4e83cb6f3b71b6528104182a/requests-2.34.2-py3-none-any.whl", hash = "sha256:2a0d60c172f83ac6ab31e4554906c0f3b3588d37b5cb939b1c061f4907e278e0", size = 73075, upload-time = "2026-05-14T19:25:26.443Z" },
]

[[package]]
name = "requests-file"
version = "3.0.1"
source = { registry = "https://pypi.org/simple" }
dependencies = [
    { name = "requests" },
]
sdist = { url = "https://files.pythonhosted.org/packages/3c/f8/5dc70102e4d337063452c82e1f0d95e39abfe67aa222ed8a5ddeb9df8de8/requests_file-3.0.1.tar.gz", hash = "sha256:f14243d7796c588f3521bd423c5dea2ee4cc730e54a3cac9574d78aca1272576", size = 6967, upload-time = "2025-10-20T18:56:42.279Z" }
wheels = [
    { url = "https://files.pythonhosted.org/packages/e1/d5/de8f089119205a09da657ed4784c584ede8381a0ce6821212a6d4ca47054/requests_file-3.0.1-py2.py3-none-any.whl", hash = "sha256:d0f5eb94353986d998f80ac63c7f146a307728be051d4d1cd390dbdb59c10fa2", size = 4514, upload-time = "2025-10-20T18:56:41.184Z" },
]

[[package]]
name = "rpa-core"
version = "0.8.0"
source = { editable = "." }
dependencies = [
    { name = "drissionpage" },
]

[package.dev-dependencies]
dev = [
    { name = "pytest" },
]

[package.metadata]
requires-dist = [{ name = "drissionpage", specifier = "==4.1.1.4" }]

[package.metadata.requires-dev]
dev = [{ name = "pytest", specifier = ">=9,<10" }]

[[package]]
name = "tldextract"
version = "5.3.2"
source = { registry = "https://pypi.org/simple" }
dependencies = [
    { name = "filelock" },
    { name = "idna" },
    { name = "requests" },
    { name = "requests-file" },
]
sdist = { url = "https://files.pythonhosted.org/packages/01/a9/ed5d3be29bfaf90c00b7159d3884b311f3880b55833d1c7be764164dc288/tldextract-5.3.2.tar.gz", hash = "sha256:c017431bc0800f2d3d1b57cce36e06668f0930f60a6d8c4615d4e2b8da298fa9", size = 191971, upload-time = "2026-08-08T20:53:13.732Z" }
wheels = [
    { url = "https://files.pythonhosted.org/packages/4a/3b/930310b274dfe3b9a4fe64ef8b24e5faf376c9a6f94bba6fc6e438058598/tldextract-5.3.2-py3-none-any.whl", hash = "sha256:6c90d2a259f5c89f4fcf01f97af15708416a59ffedddff006d67222ab30d0fb0", size = 106415, upload-time = "2026-08-08T20:53:12.675Z" },
]

[[package]]
name = "urllib3"
version = "2.7.0"
source = { registry = "https://pypi.org/simple" }
sdist = { url = "https://files.pythonhosted.org/packages/53/0c/06f8b233b8fd13b9e5ee11424ef85419ba0d8ba0b3138bf360be2ff56953/urllib3-2.7.0.tar.gz", hash = "sha256:231e0ec3b63ceb14667c67be60f2f2c40a518cb38b03af60abc813da26505f4c", size = 433602, upload-time = "2026-05-07T16:13:18.596Z" }
wheels = [
    { url = "https://files.pythonhosted.org/packages/7f/3e/5db95bcf282c52709639744ca2a8b149baccf648e39c8cc87553df9eae0c/urllib3-2.7.0-py3-none-any.whl", hash = "sha256:9fb4c81ebbb1ce9531cce37674bbc6f1360472bc18ca9a553ede278ef7276897", size = 131087, upload-time = "2026-05-07T16:13:17.151Z" },
]

[[package]]
name = "websocket-client"
version = "1.9.2"
source = { registry = "https://pypi.org/simple" }
sdist = { url = "https://files.pythonhosted.org/packages/d8/cb/a5abcc2891249f393827c650c6296660ce40374ac22d99ab9aea41f9d2a2/websocket_client-1.9.2.tar.gz", hash = "sha256:0fcb57545848be86992e128218fd96dd87a6769ffdb1a968dff79632b85604d0", size = 84110, upload-time = "2026-08-31T14:08:40.964Z" }
wheels = [
    { url = "https://files.pythonhosted.org/packages/d5/d2/cc4dc1271e464942db7ee278baae2daa99ee77cb2af744025c04da585a3e/websocket_client-1.9.2-py3-none-any.whl", hash = "sha256:e1a673830a9c7bfa47b1cd3d5e4178f4c9651d80a4eab02c9c23a1c3ec6250ce", size = 95786, upload-time = "2026-08-31T14:08:39.899Z" },
]
